
Microsoft Visual Studio Solution File, Format Version 12.00
# Visual Studio Version 17
VisualStudioVersion = 17.3.32929.385
MinimumVisualStudioVersion = 10.0.40219.1
Project("{FAE04EC0-301F-11D3-BF4B-00C04F79EFBC}") = "MileStone 3 Web", "MileStone 3 Web\MileStone 3 Web.csproj", "{737AE6EF-8435-412A-B836-FA665DABC584}"
EndProject
Global
	GlobalSection(SolutionConfigurationPlatforms) = preSolution
		Debug|Any CPU = Debug|Any CPU
		Release|Any CPU = Release|Any CPU
	EndGlobalSection
	GlobalSection(ProjectConfigurationPlatforms) = postSolution
		{737AE6EF-8435-412A-B836-FA665DABC584}.Debug|Any CPU.ActiveCfg = Debug|Any CPU
		{737AE6EF-8435-412A-B836-FA665DABC584}.Debug|Any CPU.Build.0 = Debug|Any CPU
		{737AE6EF-8435-412A-B836-FA665DABC584}.Release|Any CPU.ActiveCfg = Release|Any CPU
		{737AE6EF-8435-412A-B836-FA665DABC584}.Release|Any CPU.Build.0 = Release|Any CPU
	EndGlobalSection
	GlobalSection(SolutionProperties) = preSolution
		HideSolutionNode = FALSE
	EndGlobalSection
	GlobalSection(ExtensibilityGlobals) = postSolution
		SolutionGuid = {10ABB410-CB87-4541-99FF-9CADCA1B825F}
	EndGlobalSection
EndGlobal
